# THIS IS AN AUTOGENERATED FILE. DO NOT EDIT THIS FILE DIRECTLY.
# yarn lockfile v1


jsnes@^2.1.0:
  version "2.1.0"
  resolved "https://registry.yarnpkg.com/jsnes/-/jsnes-2.1.0.tgz#3abe3b1261accc7b3d9c4e4763cd58a8e4660e4f"
  integrity sha512-LUa++E5Dfs1A6ZYB5HiSOR4JrUzrZEXGLZ5Imczhu9lkg7f+94SqnLZ/MXwGa7oc02+j/xYyHR0azGQ6LCU68g==
